<?xml version="1.0" encoding="utf-8"?>
<Project ToolsVersion="4.0" xmlns="http://schemas.microsoft.com/developer/msbuild/2003">
  <ItemGroup>
    <Filter Include="Source Files">
      <UniqueIdentifier>{4FC737F1-C7A5-4376-A066-2A32D752A2FF}</UniqueIdentifier>
      <Extensions>cpp;c;cc;cxx;def;odl;idl;hpj;bat;asm;asmx</Extensions>
    </Filter>
    <Filter Include="Header Files">
      <UniqueIdentifier>{93995380-89BD-4b04-88EB-625FBE52EBFB}</UniqueIdentifier>
      <Extensions>h;hpp;hxx;hm;inl;inc;xsd</Extensions>
    </Filter>
    <Filter Include="Resource Files">
      <UniqueIdentifier>{67DA6AB6-F800-4c08-8B7A-83BB121AAD01}</UniqueIdentifier>
      <Extensions>rc;ico;cur;bmp;dlg;rc2;rct;bin;rgs;gif;jpg;jpeg;jpe;resx;tiff;tif;png;wav</Extensions>
    </Filter>
  </ItemGroup>
  <ItemGroup>
    <ClCompile Include="agent.c">
      <Filter>Source Files</Filter>
    </ClCompile>
    <ClCompile Include="auth.c">
      <Filter>Source Files</Filter>
    </ClCompile>
    <ClCompile Include="auth1.c">
      <Filter>Source Files</Filter>
    </ClCompile>
    <ClCompile Include="base64.c">
      <Filter>Source Files</Filter>
    </ClCompile>
    <ClCompile Include="buffer.c">
      <Filter>Source Files</Filter>
    </ClCompile>
    <ClCompile Include="callbacks.c">
      <Filter>Source Files</Filter>
    </ClCompile>
    <ClCompile Include="channels.c">
      <Filter>Source Files</Filter>
    </ClCompile>
    <ClCompile Include="channels1.c">
      <Filter>Source Files</Filter>
    </ClCompile>
    <ClCompile Include="client.c">
      <Filter>Source Files</Filter>
    </ClCompile>
    <ClCompile Include="config.c">
      <Filter>Source Files</Filter>
    </ClCompile>
    <ClCompile Include="connect.c">
      <Filter>Source Files</Filter>
    </ClCompile>
    <ClCompile Include="crc32.c">
      <Filter>Source Files</Filter>
    </ClCompile>
    <ClCompile Include="crypt.c">
      <Filter>Source Files</Filter>
    </ClCompile>
    <ClCompile Include="dh.c">
      <Filter>Source Files</Filter>
    </ClCompile>
    <ClCompile Include="error.c">
      <Filter>Source Files</Filter>
    </ClCompile>
    <ClCompile Include="gcrypt_missing.c">
      <Filter>Source Files</Filter>
    </ClCompile>
    <ClCompile Include="gzip.c">
      <Filter>Source Files</Filter>
    </ClCompile>
    <ClCompile Include="init.c">
      <Filter>Source Files</Filter>
    </ClCompile>
    <ClCompile Include="kex.c">
      <Filter>Source Files</Filter>
    </ClCompile>
    <ClCompile Include="keyfiles.c">
      <Filter>Source Files</Filter>
    </ClCompile>
    <ClCompile Include="keys.c">
      <Filter>Source Files</Filter>
    </ClCompile>
    <ClCompile Include="log.c">
      <Filter>Source Files</Filter>
    </ClCompile>
    <ClCompile Include="match.c">
      <Filter>Source Files</Filter>
    </ClCompile>
    <ClCompile Include="messages.c">
      <Filter>Source Files</Filter>
    </ClCompile>
    <ClCompile Include="misc.c">
      <Filter>Source Files</Filter>
    </ClCompile>
    <ClCompile Include="options.c">
      <Filter>Source Files</Filter>
    </ClCompile>
    <ClCompile Include="packet.c">
      <Filter>Source Files</Filter>
    </ClCompile>
    <ClCompile Include="pcap.c">
      <Filter>Source Files</Filter>
    </ClCompile>
    <ClCompile Include="poll.c">
      <Filter>Source Files</Filter>
    </ClCompile>
    <ClCompile Include="scp.c">
      <Filter>Source Files</Filter>
    </ClCompile>
    <ClCompile Include="server.c">
      <Filter>Source Files</Filter>
    </ClCompile>
    <ClCompile Include="session.c">
      <Filter>Source Files</Filter>
    </ClCompile>
    <ClCompile Include="sftp.c">
      <Filter>Source Files</Filter>
    </ClCompile>
    <ClCompile Include="sftpserver.c">
      <Filter>Source Files</Filter>
    </ClCompile>
    <ClCompile Include="socket.c">
      <Filter>Source Files</Filter>
    </ClCompile>
    <ClCompile Include="string.c">
      <Filter>Source Files</Filter>
    </ClCompile>
    <ClCompile Include="wrapper.c">
      <Filter>Source Files</Filter>
    </ClCompile>
  </ItemGroup>
  <ItemGroup>
    <ClInclude Include="include\libssh\agent.h">
      <Filter>Header Files</Filter>
    </ClInclude>
    <ClInclude Include="include\libssh\buffer.h">
      <Filter>Header Files</Filter>
    </ClInclude>
    <ClInclude Include="include\libssh\callbacks.h">
      <Filter>Header Files</Filter>
    </ClInclude>
    <ClInclude Include="include\libssh\channels.h">
      <Filter>Header Files</Filter>
    </ClInclude>
    <ClInclude Include="include\config.h">
      <Filter>Header Files</Filter>
    </ClInclude>
    <ClInclude Include="include\libssh\crypto.h">
      <Filter>Header Files</Filter>
    </ClInclude>
    <ClInclude Include="include\libssh\dh.h">
      <Filter>Header Files</Filter>
    </ClInclude>
    <ClInclude Include="include\libssh\keyfiles.h">
      <Filter>Header Files</Filter>
    </ClInclude>
    <ClInclude Include="include\libssh\keys.h">
      <Filter>Header Files</Filter>
    </ClInclude>
    <ClInclude Include="include\libssh\libssh.h">
      <Filter>Header Files</Filter>
    </ClInclude>
    <ClInclude Include="include\libssh\messages.h">
      <Filter>Header Files</Filter>
    </ClInclude>
    <ClInclude Include="include\libssh\misc.h">
      <Filter>Header Files</Filter>
    </ClInclude>
    <ClInclude Include="include\libssh\packet.h">
      <Filter>Header Files</Filter>
    </ClInclude>
    <ClInclude Include="include\libssh\pcap.h">
      <Filter>Header Files</Filter>
    </ClInclude>
    <ClInclude Include="include\libssh\poll.h">
      <Filter>Header Files</Filter>
    </ClInclude>
    <ClInclude Include="include\libssh\priv.h">
      <Filter>Header Files</Filter>
    </ClInclude>
    <ClInclude Include="include\libssh\scp.h">
      <Filter>Header Files</Filter>
    </ClInclude>
    <ClInclude Include="include\libssh\server.h">
      <Filter>Header Files</Filter>
    </ClInclude>
    <ClInclude Include="include\libssh\session.h">
      <Filter>Header Files</Filter>
    </ClInclude>
    <ClInclude Include="include\libssh\sftp.h">
      <Filter>Header Files</Filter>
    </ClInclude>
    <ClInclude Include="include\libssh\socket.h">
      <Filter>Header Files</Filter>
    </ClInclude>
    <ClInclude Include="include\libssh\ssh1.h">
      <Filter>Header Files</Filter>
    </ClInclude>
    <ClInclude Include="include\libssh\ssh2.h">
      <Filter>Header Files</Filter>
    </ClInclude>
    <ClInclude Include="include\libssh\string.h">
      <Filter>Header Files</Filter>
    </ClInclude>
    <ClInclude Include="include\libssh\wrapper.h">
      <Filter>Header Files</Filter>
    </ClInclude>
    <ClInclude Include="include\wspiapi.h">
      <Filter>Header Files</Filter>
    </ClInclude>
  </ItemGroup>
  <ItemGroup>
    <None Include="ReadMe.txt" />
  </ItemGroup>
</Project>